
Microsoft Visual Studio Solution File, Format Version 12.00
# Visual Studio 15
VisualStudioVersion = 15.0.28010.2019
MinimumVisualStudioVersion = 10.0.40219.1
Project("{FAE04EC0-301F-11D3-BF4B-00C04F79EFBC}") = "FluentComparator", "FluentComparator\FluentComparator.csproj", "{CF203DBC-05D6-4C27-8D45-CAE36C2B9036}"
EndProject
Global
	GlobalSection(SolutionConfigurationPlatforms) = preSolution
		Debug|Any CPU = Debug|Any CPU
		Release|Any CPU = Release|Any CPU
	EndGlobalSection
	GlobalSection(ProjectConfigurationPlatforms) = postSolution
		{CF203DBC-05D6-4C27-8D45-CAE36C2B9036}.Debug|Any CPU.ActiveCfg = Debug|Any CPU
		{CF203DBC-05D6-4C27-8D45-CAE36C2B9036}.Debug|Any CPU.Build.0 = Debug|Any CPU
		{CF203DBC-05D6-4C27-8D45-CAE36C2B9036}.Release|Any CPU.ActiveCfg = Release|Any CPU
		{CF203DBC-05D6-4C27-8D45-CAE36C2B9036}.Release|Any CPU.Build.0 = Release|Any CPU
	EndGlobalSection
	GlobalSection(SolutionProperties) = preSolution
		HideSolutionNode = FALSE
	EndGlobalSection
	GlobalSection(ExtensibilityGlobals) = postSolution
		SolutionGuid = {F67FD108-25D9-4555-A0F1-864740EB7E40}
	EndGlobalSection
EndGlobal
